
Microsoft Visual Studio Solution File, Format Version 12.00
# Visual Studio 15
VisualStudioVersion = 15.0.27004.2009
MinimumVisualStudioVersion = 10.0.40219.1
Project("{E24C65DC-7377-472B-9ABA-BC803B73C61A}") = "Aya", "Aya\", "{5B6714BA-E1E0-4D25-820B-3B4087165CD2}"
	ProjectSection(WebsiteProperties) = preProject
		TargetFrameworkMoniker = ".NETFramework,Version%3Dv4.0"
		ProjectReferences = "{e01bf00b-4725-47a9-8da6-3ffbd87f3ec1}|Base.Common.dll;{03382430-CECD-4708-939B-7F78927DE07B}|Base.Entity.dll;{defa0059-4efc-4306-8ef6-a541ab5a1432}|AgentIp.Logic.dll;{B106E7D1-6008-4686-B0BE-08EE364439ED}|AgentIp.Common.dll;{3238BACC-6599-48B7-82F1-D309A999ADA1}|AgentIp.Contracts.dll;{DF66FE93-66E6-4E56-AFD8-0C1045B8574E}|AgentIp.Entity.dll;{437BB321-4A85-4A8D-9690-4D86B92E5545}|Base.Logic.dll;{A0626B25-D126-4EEE-A324-740DB24CFBE8}|MongHelp.dll;"
		Debug.AspNetCompiler.VirtualPath = "/localhost_53391"
		Debug.AspNetCompiler.PhysicalPath = "Aya\"
		Debug.AspNetCompiler.TargetPath = "PrecompiledWeb\localhost_53391\"
		Debug.AspNetCompiler.Updateable = "true"
		Debug.AspNetCompiler.ForceOverwrite = "true"
		Debug.AspNetCompiler.FixedNames = "false"
		Debug.AspNetCompiler.Debug = "True"
		Release.AspNetCompiler.VirtualPath = "/localhost_53391"
		Release.AspNetCompiler.PhysicalPath = "Aya\"
		Release.AspNetCompiler.TargetPath = "PrecompiledWeb\localhost_53391\"
		Release.AspNetCompiler.Updateable = "true"
		Release.AspNetCompiler.ForceOverwrite = "true"
		Release.AspNetCompiler.FixedNames = "false"
		Release.AspNetCompiler.Debug = "False"
		VWDPort = "53391"
		SlnRelativePath = "Aya\"
		DefaultWebSiteLanguage = "Visual C#"
	EndProjectSection
EndProject
Project("{2150E333-8FDC-42A3-9474-1A3956D46DE8}") = "Aya.Base", "Aya.Base", "{F8327DAE-6AC4-496B-A9FC-10BCE26D5D08}"
EndProject
Project("{FAE04EC0-301F-11D3-BF4B-00C04F79EFBC}") = "Base.Common", "Aya.Base\Base.Common\Base.Common.csproj", "{E01BF00B-4725-47A9-8DA6-3FFBD87F3EC1}"
EndProject
Project("{FAE04EC0-301F-11D3-BF4B-00C04F79EFBC}") = "Base.Entity", "Aya.Base\Base.Entity\Base.Entity.csproj", "{03382430-CECD-4708-939B-7F78927DE07B}"
EndProject
Project("{FAE04EC0-301F-11D3-BF4B-00C04F79EFBC}") = "Base.Logic", "Aya.Base\Base.Logic\Base.Logic.csproj", "{437BB321-4A85-4A8D-9690-4D86B92E5545}"
EndProject
Project("{2150E333-8FDC-42A3-9474-1A3956D46DE8}") = "Aya.Data", "Aya.Data", "{9A12FC9E-658D-4EB5-B60A-EE814ACCAC1F}"
EndProject
Project("{2150E333-8FDC-42A3-9474-1A3956D46DE8}") = "MongDbHelper", "MongDbHelper", "{BEE6B09A-4334-4FEE-9CAE-82444853E271}"
EndProject
Project("{2150E333-8FDC-42A3-9474-1A3956D46DE8}") = "view", "view", "{204D7917-04C9-4AB9-A942-B1704DB531F6}"
EndProject
Project("{2150E333-8FDC-42A3-9474-1A3956D46DE8}") = "Bussiness", "Bussiness", "{5AAD320C-CD93-47FA-9BDC-A0B1AF77898F}"
EndProject
Project("{2150E333-8FDC-42A3-9474-1A3956D46DE8}") = "AgentIp", "AgentIp", "{487DC0BE-A2C5-4433-960E-734C12FB61E9}"
EndProject
Project("{FAE04EC0-301F-11D3-BF4B-00C04F79EFBC}") = "AgentIp.Common", "Bussiness\AgentIp\AgentIp.Common\AgentIp.Common.csproj", "{B106E7D1-6008-4686-B0BE-08EE364439ED}"
EndProject
Project("{FAE04EC0-301F-11D3-BF4B-00C04F79EFBC}") = "AgentIp.Contracts", "Bussiness\AgentIp\AgentIp.Contracts\AgentIp.Contracts.csproj", "{3238BACC-6599-48B7-82F1-D309A999ADA1}"
EndProject
Project("{FAE04EC0-301F-11D3-BF4B-00C04F79EFBC}") = "AgentIp.Entity", "Bussiness\AgentIp\AgentIp.Entity\AgentIp.Entity.csproj", "{DF66FE93-66E6-4E56-AFD8-0C1045B8574E}"
EndProject
Project("{FAE04EC0-301F-11D3-BF4B-00C04F79EFBC}") = "AgentIp.Logic", "Bussiness\AgentIp\AgentIp.Logic\AgentIp.Logic.csproj", "{DEFA0059-4EFC-4306-8EF6-A541AB5A1432}"
EndProject
Project("{FAE04EC0-301F-11D3-BF4B-00C04F79EFBC}") = "MongHelp", "Aya.Data\MongDbHelper\MongHelp\MongHelp.csproj", "{A0626B25-D126-4EEE-A324-740DB24CFBE8}"
EndProject
Global
	GlobalSection(SolutionConfigurationPlatforms) = preSolution
		Debug|Any CPU = Debug|Any CPU
		Release|Any CPU = Release|Any CPU
	EndGlobalSection
	GlobalSection(ProjectConfigurationPlatforms) = postSolution
		{5B6714BA-E1E0-4D25-820B-3B4087165CD2}.Debug|Any CPU.ActiveCfg = Debug|Any CPU
		{5B6714BA-E1E0-4D25-820B-3B4087165CD2}.Debug|Any CPU.Build.0 = Debug|Any CPU
		{5B6714BA-E1E0-4D25-820B-3B4087165CD2}.Release|Any CPU.ActiveCfg = Debug|Any CPU
		{5B6714BA-E1E0-4D25-820B-3B4087165CD2}.Release|Any CPU.Build.0 = Debug|Any CPU
		{E01BF00B-4725-47A9-8DA6-3FFBD87F3EC1}.Debug|Any CPU.ActiveCfg = Debug|Any CPU
		{E01BF00B-4725-47A9-8DA6-3FFBD87F3EC1}.Debug|Any CPU.Build.0 = Debug|Any CPU
		{E01BF00B-4725-47A9-8DA6-3FFBD87F3EC1}.Release|Any CPU.ActiveCfg = Release|Any CPU
		{E01BF00B-4725-47A9-8DA6-3FFBD87F3EC1}.Release|Any CPU.Build.0 = Release|Any CPU
		{03382430-CECD-4708-939B-7F78927DE07B}.Debug|Any CPU.ActiveCfg = Debug|Any CPU
		{03382430-CECD-4708-939B-7F78927DE07B}.Debug|Any CPU.Build.0 = Debug|Any CPU
		{03382430-CECD-4708-939B-7F78927DE07B}.Release|Any CPU.ActiveCfg = Release|Any CPU
		{03382430-CECD-4708-939B-7F78927DE07B}.Release|Any CPU.Build.0 = Release|Any CPU
		{437BB321-4A85-4A8D-9690-4D86B92E5545}.Debug|Any CPU.ActiveCfg = Debug|Any CPU
		{437BB321-4A85-4A8D-9690-4D86B92E5545}.Debug|Any CPU.Build.0 = Debug|Any CPU
		{437BB321-4A85-4A8D-9690-4D86B92E5545}.Release|Any CPU.ActiveCfg = Release|Any CPU
		{437BB321-4A85-4A8D-9690-4D86B92E5545}.Release|Any CPU.Build.0 = Release|Any CPU
		{B106E7D1-6008-4686-B0BE-08EE364439ED}.Debug|Any CPU.ActiveCfg = Debug|Any CPU
		{B106E7D1-6008-4686-B0BE-08EE364439ED}.Debug|Any CPU.Build.0 = Debug|Any CPU
		{B106E7D1-6008-4686-B0BE-08EE364439ED}.Release|Any CPU.ActiveCfg = Release|Any CPU
		{B106E7D1-6008-4686-B0BE-08EE364439ED}.Release|Any CPU.Build.0 = Release|Any CPU
		{3238BACC-6599-48B7-82F1-D309A999ADA1}.Debug|Any CPU.ActiveCfg = Debug|Any CPU
		{3238BACC-6599-48B7-82F1-D309A999ADA1}.Debug|Any CPU.Build.0 = Debug|Any CPU
		{3238BACC-6599-48B7-82F1-D309A999ADA1}.Release|Any CPU.ActiveCfg = Release|Any CPU
		{3238BACC-6599-48B7-82F1-D309A999ADA1}.Release|Any CPU.Build.0 = Release|Any CPU
		{DF66FE93-66E6-4E56-AFD8-0C1045B8574E}.Debug|Any CPU.ActiveCfg = Debug|Any CPU
		{DF66FE93-66E6-4E56-AFD8-0C1045B8574E}.Debug|Any CPU.Build.0 = Debug|Any CPU
		{DF66FE93-66E6-4E56-AFD8-0C1045B8574E}.Release|Any CPU.ActiveCfg = Release|Any CPU
		{DF66FE93-66E6-4E56-AFD8-0C1045B8574E}.Release|Any CPU.Build.0 = Release|Any CPU
		{DEFA0059-4EFC-4306-8EF6-A541AB5A1432}.Debug|Any CPU.ActiveCfg = Debug|Any CPU
		{DEFA0059-4EFC-4306-8EF6-A541AB5A1432}.Debug|Any CPU.Build.0 = Debug|Any CPU
		{DEFA0059-4EFC-4306-8EF6-A541AB5A1432}.Release|Any CPU.ActiveCfg = Release|Any CPU
		{DEFA0059-4EFC-4306-8EF6-A541AB5A1432}.Release|Any CPU.Build.0 = Release|Any CPU
		{A0626B25-D126-4EEE-A324-740DB24CFBE8}.Debug|Any CPU.ActiveCfg = Debug|Any CPU
		{A0626B25-D126-4EEE-A324-740DB24CFBE8}.Debug|Any CPU.Build.0 = Debug|Any CPU
		{A0626B25-D126-4EEE-A324-740DB24CFBE8}.Release|Any CPU.ActiveCfg = Release|Any CPU
		{A0626B25-D126-4EEE-A324-740DB24CFBE8}.Release|Any CPU.Build.0 = Release|Any CPU
	EndGlobalSection
	GlobalSection(SolutionProperties) = preSolution
		HideSolutionNode = FALSE
	EndGlobalSection
	GlobalSection(NestedProjects) = preSolution
		{E01BF00B-4725-47A9-8DA6-3FFBD87F3EC1} = {F8327DAE-6AC4-496B-A9FC-10BCE26D5D08}
		{03382430-CECD-4708-939B-7F78927DE07B} = {F8327DAE-6AC4-496B-A9FC-10BCE26D5D08}
		{437BB321-4A85-4A8D-9690-4D86B92E5545} = {F8327DAE-6AC4-496B-A9FC-10BCE26D5D08}
		{BEE6B09A-4334-4FEE-9CAE-82444853E271} = {9A12FC9E-658D-4EB5-B60A-EE814ACCAC1F}
		{204D7917-04C9-4AB9-A942-B1704DB531F6} = {9A12FC9E-658D-4EB5-B60A-EE814ACCAC1F}
		{487DC0BE-A2C5-4433-960E-734C12FB61E9} = {5AAD320C-CD93-47FA-9BDC-A0B1AF77898F}
		{B106E7D1-6008-4686-B0BE-08EE364439ED} = {487DC0BE-A2C5-4433-960E-734C12FB61E9}
		{3238BACC-6599-48B7-82F1-D309A999ADA1} = {487DC0BE-A2C5-4433-960E-734C12FB61E9}
		{DF66FE93-66E6-4E56-AFD8-0C1045B8574E} = {487DC0BE-A2C5-4433-960E-734C12FB61E9}
		{DEFA0059-4EFC-4306-8EF6-A541AB5A1432} = {487DC0BE-A2C5-4433-960E-734C12FB61E9}
		{A0626B25-D126-4EEE-A324-740DB24CFBE8} = {BEE6B09A-4334-4FEE-9CAE-82444853E271}
	EndGlobalSection
	GlobalSection(ExtensibilityGlobals) = postSolution
		SolutionGuid = {D7D5747A-9725-411E-AB8F-59274DB0879A}
	EndGlobalSection
EndGlobal
